version: 2.0
shards:
  json_mapping:
    git: https://github.com/crystal-lang/json_mapping.cr.git
    version: 0.1.1

  logger:
    git: https://github.com/crystal-lang/logger.cr.git
    version: 0.1.0

  webmock:
    git: https://github.com/manastech/webmock.cr.git
    version: 0.14.0+git.commit.42b347cdd64e13193e46167a03593944ae2b3d20

  zaru_crystal:
    git: https://github.com/sztheory/zaru_crystal.git
    version: 1.0.0+git.commit.d4a08e1cc030a075b139a8c0b5ab4b8651450eae

